{
  "name": "motion5",
  "version": "0.0.0",
  "lockfileVersion": 3,
  "requires": true,
  "packages": {
    "": {
      "name": "motion5",
      "version": "0.0.0",
      "license": "MIT",
      "workspaces": [
        "packages/*"
      ],
      "devDependencies": {
        "prettier": "3.6.2",
        "typescript": "5.8.3",
        "vitest": "^4.1.10"
      },
      "engines": {
        "node": ">=24"
      }
    },
    "node_modules/@motion5/core": {
      "resolved": "packages/core",
      "link": true
    },
    "node_modules/@motion5/react": {
      "resolved": "packages/react",
      "link": true
    },
    "packages/core": {
      "name": "@motion5/core",
      "version": "0.0.0",
      "license": "MIT"
    },
    "packages/react": {
      "name": "@motion5/react",
      "version": "0.0.0",
      "license": "MIT",
      "dependencies": {
        "@motion5/core": "0.0.0"
      }
    },
    "node_modules/@jridgewell/sourcemap-codec": {
      "version": "1.5.5",
      "resolved": "https://registry.npmjs.org/@jridgewell/sourcemap-codec/-/sourcemap-codec-1.5.5.tgz",
      "integrity": "sha512-cYQ9310grqxueWbl+WuIUIaiUaDcj7WOq5fVhEljNVgRfOUhY9fy2zTvfoqWsnebh8Sl70VScFbICvJnLKB0Og==",
      "dev": true,
      "license": "MIT"
    }
  }
}