{
  "name": "motion5",
  "version": "0.0.0",
  "lockfileVersion": 3,
  "requires": true,
  "packages": {
    "": {
      "name": "motion5",
      "version": "0.0.0",
      "license": "MIT",
      "workspaces": [
        "packages/*"
      ],
      "devDependencies": {
        "gsap": "3.15.0",
        "prettier": "3.6.2",
        "typescript": "5.8.3",
        "vitest": "^4.1.10"
      },
      "engines": {
        "node": ">=24"
      }
    },
    "node_modules/gsap": {
      "version": "3.15.0",
      "resolved": "https://registry.npmjs.org/gsap/-/gsap-3.15.0.tgz",
      "license": "Standard 'no charge' license"
    },
    "packages/core": {
      "name": "@motion5/core",
      "version": "0.0.0"
    },
    "packages/react": {
      "name": "@motion5/react",
      "version": "0.0.0",
      "dependencies": {
        "@motion5/core": "0.0.0"
      }
    }
  }
}
